
Microsoft Visual Studio Solution File, Format Version 12.00
# Visual Studio 15
VisualStudioVersion = 15.0.27130.2027
MinimumVisualStudioVersion = 10.0.40219.1
Project("{2150E333-8FDC-42A3-9474-1A3956D46DE8}") = "_Shared", "_Shared", "{F35B9169-2B31-48A4-ABBA-A56E1AD07D80}"
	ProjectSection(SolutionItems) = preProject
		.gitignore = .gitignore
		readme.txt = readme.txt
	EndProjectSection
EndProject
Project("{2150E333-8FDC-42A3-9474-1A3956D46DE8}") = "Source", "Source", "{49573111-059F-4A15-AE32-25F48ADE2B06}"
EndProject
Project("{2150E333-8FDC-42A3-9474-1A3956D46DE8}") = "Tests", "Tests", "{5B71DED8-5B3D-4BD7-AB5F-098052A82854}"
EndProject
Project("{2150E333-8FDC-42A3-9474-1A3956D46DE8}") = "Benchmarks", "Benchmarks", "{63622F05-A455-4851-820F-84D1B1790477}"
EndProject
Project("{FAE04EC0-301F-11D3-BF4B-00C04F79EFBC}") = "Benchmarks", "Benchmarks\Benchmarks\Benchmarks.csproj", "{DD2E87DE-6C32-4E8F-96ED-BCA720B8587F}"
EndProject
Project("{FAE04EC0-301F-11D3-BF4B-00C04F79EFBC}") = "TestFileGenerator", "Source\TestFileGenerator\TestFileGenerator.csproj", "{91CE169E-8C75-4C8C-A9D5-57C390C9A51E}"
EndProject
Global
	GlobalSection(SolutionConfigurationPlatforms) = preSolution
		Debug|Any CPU = Debug|Any CPU
		Release|Any CPU = Release|Any CPU
	EndGlobalSection
	GlobalSection(ProjectConfigurationPlatforms) = postSolution
		{DD2E87DE-6C32-4E8F-96ED-BCA720B8587F}.Debug|Any CPU.ActiveCfg = Debug|Any CPU
		{DD2E87DE-6C32-4E8F-96ED-BCA720B8587F}.Debug|Any CPU.Build.0 = Debug|Any CPU
		{DD2E87DE-6C32-4E8F-96ED-BCA720B8587F}.Release|Any CPU.ActiveCfg = Release|Any CPU
		{DD2E87DE-6C32-4E8F-96ED-BCA720B8587F}.Release|Any CPU.Build.0 = Release|Any CPU
		{91CE169E-8C75-4C8C-A9D5-57C390C9A51E}.Debug|Any CPU.ActiveCfg = Debug|Any CPU
		{91CE169E-8C75-4C8C-A9D5-57C390C9A51E}.Debug|Any CPU.Build.0 = Debug|Any CPU
		{91CE169E-8C75-4C8C-A9D5-57C390C9A51E}.Release|Any CPU.ActiveCfg = Release|Any CPU
		{91CE169E-8C75-4C8C-A9D5-57C390C9A51E}.Release|Any CPU.Build.0 = Release|Any CPU
	EndGlobalSection
	GlobalSection(SolutionProperties) = preSolution
		HideSolutionNode = FALSE
	EndGlobalSection
	GlobalSection(NestedProjects) = preSolution
		{DD2E87DE-6C32-4E8F-96ED-BCA720B8587F} = {63622F05-A455-4851-820F-84D1B1790477}
		{91CE169E-8C75-4C8C-A9D5-57C390C9A51E} = {49573111-059F-4A15-AE32-25F48ADE2B06}
	EndGlobalSection
	GlobalSection(ExtensibilityGlobals) = postSolution
		SolutionGuid = {AA345B3A-09E9-4B3E-BD3A-63026FACFBD8}
	EndGlobalSection
EndGlobal
